PODS:
  - Flutter (1.0.0)
  - flutter_easy_plugin (0.0.7):
    - Flutter

DEPENDENCIES:
  - Flutter (from `Flutter`)
  - flutter_easy_plugin (from `.symlinks/plugins/flutter_easy_plugin/ios`)

EXTERNAL SOURCES:
  Flutter:
    :path: Flutter
  flutter_easy_plugin:
    :path: ".symlinks/plugins/flutter_easy_plugin/ios"

SPEC CHECKSUMS:
  Flutter: 0e3d915762c693b495b44d77113d4970485de6ec
  flutter_easy_plugin: 125e5ac005fdc2db94665f54ccd27f26d5e24a0c

PODFILE CHECKSUM: 3dbe063e9c90a5d7c9e4e76e70a821b9e2c1d271

COCOAPODS: 1.8.4
